
Microsoft Visual Studio Solution File, Format Version 12.00
Project("{FAE04EC0-301F-11D3-BF4B-00C04F79EFBC}") = "task 2", "task 2\task 2.csproj", "{7122F25F-CD2C-413F-855E-F4302DA02D6B}"
EndProject
Global
	GlobalSection(SolutionConfigurationPlatforms) = preSolution
		Debug|Any CPU = Debug|Any CPU
		Release|Any CPU = Release|Any CPU
	EndGlobalSection
	GlobalSection(ProjectConfigurationPlatforms) = postSolution
		{7122F25F-CD2C-413F-855E-F4302DA02D6B}.Debug|Any CPU.ActiveCfg = Debug|Any CPU
		{7122F25F-CD2C-413F-855E-F4302DA02D6B}.Debug|Any CPU.Build.0 = Debug|Any CPU
		{7122F25F-CD2C-413F-855E-F4302DA02D6B}.Release|Any CPU.ActiveCfg = Release|Any CPU
		{7122F25F-CD2C-413F-855E-F4302DA02D6B}.Release|Any CPU.Build.0 = Release|Any CPU
	EndGlobalSection
EndGlobal
