
Microsoft Visual Studio Solution File, Format Version 12.00
Project("{FAE04EC0-301F-11D3-BF4B-00C04F79EFBC}") = "workshop_w3", "workshop_w3\workshop_w3.csproj", "{C1887F2F-8744-43E5-A1F6-16F998A6EB38}"
EndProject
Global
	GlobalSection(SolutionConfigurationPlatforms) = preSolution
		Debug|Any CPU = Debug|Any CPU
		Release|Any CPU = Release|Any CPU
	EndGlobalSection
	GlobalSection(ProjectConfigurationPlatforms) = postSolution
		{C1887F2F-8744-43E5-A1F6-16F998A6EB38}.Debug|Any CPU.ActiveCfg = Debug|Any CPU
		{C1887F2F-8744-43E5-A1F6-16F998A6EB38}.Debug|Any CPU.Build.0 = Debug|Any CPU
		{C1887F2F-8744-43E5-A1F6-16F998A6EB38}.Release|Any CPU.ActiveCfg = Release|Any CPU
		{C1887F2F-8744-43E5-A1F6-16F998A6EB38}.Release|Any CPU.Build.0 = Release|Any CPU
	EndGlobalSection
EndGlobal
